---
lockfileVersion: '9.0'

importers:

  .:
    configDependencies: {}
    packageManagerDependencies:
      '@pnpm/exe':
        specifier: 11.21.0
        version: 11.21.0
      pnpm:
        specifier: 11.21.0
        version: 11.21.0

packages:

  '@pnpm/exe@11.21.0':
    resolution: {integrity: sha512-zawQxIewH1od72HhlmXWq3No6XyuWn+nMvQ9BjWWGNBVskmS+RDlTu7ey2ruL650PbbyuCATYSal1DaXFKBdcw==}
    hasBin: true

  '@pnpm/linux-arm64@11.21.0':
    resolution: {integrity: sha512-gOSfQKr6kZjEwHyoRwMt9qrqQ9sqbZmUm2hbgJJG8bp0ZR9YkQ4BZV2k4qlQA2jtsmHV1u1MwiaLcuK7DauvBg==}
    cpu: [arm64]
    os: [linux]

  '@pnpm/linux-x64@11.21.0':
    resolution: {integrity: sha512-X+kBR8yscKyhhElO+WLrb6sFbl/3Ow70B+6fqZUYI8T8wtmlCw5GtcPXVBJPDJcLN5joe227h7lyCCZo4tdKdw==}
    cpu: [x64]
    os: [linux]

  '@pnpm/linuxstatic-arm64@11.21.0':
    resolution: {integrity: sha512-IUJfAclH0b3QxaHuQuVxXQIzEkDtTm0C+G3tgG0ET5tDRGc7wH7eU0GEM75ojHOwzqv7s0y00xPVVCIsxUM4Nw==}
    cpu: [arm64]
    os: [linux]
    libc: [musl]

  '@pnpm/linuxstatic-x64@11.21.0':
    resolution: {integrity: sha512-6Y2u+AfOUuTqWgTCpFhySL8HAcONDucCFixKle9tWoW7bm8RF0+fwQBRWNWGdx+Toau07wZ1LNZPqN8gpgeBDQ==}
    cpu: [x64]
    os: [linux]
    libc: [musl]

  '@pnpm/macos-arm64@11.21.0':
    resolution: {integrity: sha512-sLMGvVJXWdhFAouY2icjeZ2VCFmyPPZvvtHkfj1oeCWGppsbWcP5cExSw9yU1Uw7ALwrV0I2lRZv33yWYfDtcQ==}
    cpu: [arm64]
    os: [darwin]

  '@pnpm/win-arm64@11.21.0':
    resolution: {integrity: sha512-79Nc+YI5B2ddH5MQD2YITL/PKnmXdcQKwmwx0HaD4QnsCco8DFaTho242e5sd9QfXKxYRvB9AOnuqIV4VjhAAw==}
    cpu: [arm64]
    os: [win32]

  '@pnpm/win-x64@11.21.0':
    resolution: {integrity: sha512-zT3TufmVOroWPrzXTPPPgYvIsTZIsK13kjpmgXlICyEFrhd16RFLoTWFhP+8UqHXpTNmVbtTHzg+fEVYy9rlEQ==}
    cpu: [x64]
    os: [win32]

  '@reflink/reflink-darwin-arm64@0.1.19':
    resolution: {integrity: sha512-ruy44Lpepdk1FqDz38vExBY/PVUsjxZA+chd9wozjUH9JjuDT/HEaQYA6wYN9mf041l0yLVar6BCZuWABJvHSA==}
    engines: {node: '>= 10'}
    cpu: [arm64]
    os: [darwin]

  '@reflink/reflink-darwin-x64@0.1.19':
    resolution: {integrity: sha512-By85MSWrMZa+c26TcnAy8SDk0sTUkYlNnwknSchkhHpGXOtjNDUOxJE9oByBnGbeuIE1PiQsxDG3Ud+IVV9yuA==}
    engines: {node: '>= 10'}
    cpu: [x64]
    os: [darwin]

  '@reflink/reflink-linux-arm64-gnu@0.1.19':
    resolution: {integrity: sha512-7P+er8+rP9iNeN+bfmccM4hTAaLP6PQJPKWSA4iSk2bNvo6KU6RyPgYeHxXmzNKzPVRcypZQTpFgstHam6maVg==}
    engines: {node: '>= 10'}
    cpu: [arm64]
    os: [linux]
    libc: [glibc]

  '@reflink/reflink-linux-arm64-musl@0.1.19':
    resolution: {integrity: sha512-37iO/Dp6m5DDaC2sf3zPtx/hl9FV3Xze4xoYidrxxS9bgP3S8ALroxRK6xBG/1TtfXKTvolvp+IjrUU6ujIGmA==}
    engines: {node: '>= 10'}
    cpu: [arm64]
    os: [linux]
    libc: [musl]

  '@reflink/reflink-linux-x64-gnu@0.1.19':
    resolution: {integrity: sha512-jbI8jvuYCaA3MVUdu8vLoLAFqC+iNMpiSuLbxlAgg7x3K5bsS8nOpTRnkLF7vISJ+rVR8W+7ThXlXlUQ93ulkw==}
    engines: {node: '>= 10'}
    cpu: [x64]
    os: [linux]
    libc: [glibc]

  '@reflink/reflink-linux-x64-musl@0.1.19':
    resolution: {integrity: sha512-e9FBWDe+lv7QKAwtKOt6A2W/fyy/aEEfr0g6j/hWzvQcrzHCsz07BNQYlNOjTfeytrtLU7k449H1PI95jA4OjQ==}
    engines: {node: '>= 10'}
    cpu: [x64]
    os: [linux]
    libc: [musl]

  '@reflink/reflink-win32-arm64-msvc@0.1.19':
    resolution: {integrity: sha512-09PxnVIQcd+UOn4WAW73WU6PXL7DwGS6wPlkMhMg2zlHHG65F3vHepOw06HFCq+N42qkaNAc8AKIabWvtk6cIQ==}
    engines: {node: '>= 10'}
    cpu: [arm64]
    os: [win32]

  '@reflink/reflink-win32-x64-msvc@0.1.19':
    resolution: {integrity: sha512-E//yT4ni2SyhwP8JRjVGWr3cbnhWDiPLgnQ66qqaanjjnMiu3O/2tjCPQXlcGc/DEYofpDc9fvhv6tALQsMV9w==}
    engines: {node: '>= 10'}
    cpu: [x64]
    os: [win32]

  '@reflink/reflink@0.1.19':
    resolution: {integrity: sha512-DmCG8GzysnCZ15bres3N5AHCmwBwYgp0As6xjhQ47rAUTUXxJiK+lLUxaGsX3hd/30qUpVElh05PbGuxRPgJwA==}
    engines: {node: '>= 10'}

  detect-libc@2.1.2:
    resolution: {integrity: sha512-Btj2BOOO83o3WyH59e8MgXsxEQVcarkUOpEYrubB0urwnN10yQ364rsiByU11nZlqWYZm05i/of7io4mzihBtQ==}
    engines: {node: '>=8'}

  pnpm@11.21.0:
    resolution: {integrity: sha512-UhcFvOaJkk6scvWjWHEi82JonvZXHlW6gAdv1jfBETLs/62ib61Op5xIW/3b/T1aKlsFgFp36JPeceyKbMo7sQ==}
    engines: {node: '>=22.13'}
    hasBin: true

snapshots:

  '@pnpm/exe@11.21.0':
    dependencies:
      '@reflink/reflink': 0.1.19
      detect-libc: 2.1.2
    optionalDependencies:
      '@pnpm/linux-arm64': 11.21.0
      '@pnpm/linux-x64': 11.21.0
      '@pnpm/linuxstatic-arm64': 11.21.0
      '@pnpm/linuxstatic-x64': 11.21.0
      '@pnpm/macos-arm64': 11.21.0
      '@pnpm/win-arm64': 11.21.0
      '@pnpm/win-x64': 11.21.0

  '@pnpm/linux-arm64@11.21.0':
    optional: true

  '@pnpm/linux-x64@11.21.0':
    optional: true

  '@pnpm/linuxstatic-arm64@11.21.0':
    optional: true

  '@pnpm/linuxstatic-x64@11.21.0':
    optional: true

  '@pnpm/macos-arm64@11.21.0':
    optional: true

  '@pnpm/win-arm64@11.21.0':
    optional: true

  '@pnpm/win-x64@11.21.0':
    optional: true

  '@reflink/reflink-darwin-arm64@0.1.19':
    optional: true

  '@reflink/reflink-darwin-x64@0.1.19':
    optional: true

  '@reflink/reflink-linux-arm64-gnu@0.1.19':
    optional: true

  '@reflink/reflink-linux-arm64-musl@0.1.19':
    optional: true

  '@reflink/reflink-linux-x64-gnu@0.1.19':
    optional: true

  '@reflink/reflink-linux-x64-musl@0.1.19':
    optional: true

  '@reflink/reflink-win32-arm64-msvc@0.1.19':
    optional: true

  '@reflink/reflink-win32-x64-msvc@0.1.19':
    optional: true

  '@reflink/reflink@0.1.19':
    optionalDependencies:
      '@reflink/reflink-darwin-arm64': 0.1.19
      '@reflink/reflink-darwin-x64': 0.1.19
      '@reflink/reflink-linux-arm64-gnu': 0.1.19
      '@reflink/reflink-linux-arm64-musl': 0.1.19
      '@reflink/reflink-linux-x64-gnu': 0.1.19
      '@reflink/reflink-linux-x64-musl': 0.1.19
      '@reflink/reflink-win32-arm64-msvc': 0.1.19
      '@reflink/reflink-win32-x64-msvc': 0.1.19

  detect-libc@2.1.2: {}

  pnpm@11.21.0: {}

---
lockfileVersion: '9.0'

settings:
  autoInstallPeers: true
  excludeLinksFromLockfile: false

importers:

  .:
    devDependencies:
      '@johnnymorganz/stylua-bin':
        specifier: ^2.5.2
        version: 2.5.2
      lefthook:
        specifier: ^2.1.12
        version: 2.1.12

packages:

  '@johnnymorganz/stylua-bin-darwin-arm64@2.5.2':
    resolution: {integrity: sha512-aoUX8+aG7x/hXSYMEkpH7YEvQ9AK/V/qY5SUBOqK4g5iBK9hjfOrFqYWRYo14BG+9QEEeKv0SY5iUviMUpyn0g==}
    cpu: [arm64]
    os: [darwin]

  '@johnnymorganz/stylua-bin-darwin-x64@2.5.2':
    resolution: {integrity: sha512-TP+TweORn5qs2NIn1ejTQ5vVDmCwch43WgCnfqIbdSx/txvlr3bVbWO5NeiEzdI2XO6gDFzFi9X6FIK1UNS7qQ==}
    cpu: [x64]
    os: [darwin]

  '@johnnymorganz/stylua-bin-linux-arm64@2.5.2':
    resolution: {integrity: sha512-zffjBoMQpzP1AnnhVrg1k/8zNrI9VTKQ/hie/baD3y5mgOHe4/YJ33uo0dZeI+uZAu5gdanmvM5fQtPxnGc6xQ==}
    cpu: [arm64]
    os: [linux]

  '@johnnymorganz/stylua-bin-linux-x64@2.5.2':
    resolution: {integrity: sha512-5NfzgN3lnlgmFcPCmhlyHr7y3Ro6wmPNBYzjVFLJKqJtwMPgSgKKzfT93s2rkX/QZKIlZelLtQ7eHVDmULegSg==}
    cpu: [x64]
    os: [linux]

  '@johnnymorganz/stylua-bin-win32-x64@2.5.2':
    resolution: {integrity: sha512-wasLSN1Z9O0t6v6km/7cnBqtJe1oUX+Mgojba56hveR67i2F97bETu2GroSeCNuuCdXxUXIbZ+tf9b8CVyF1pA==}
    cpu: [x64]
    os: [win32]

  '@johnnymorganz/stylua-bin@2.5.2':
    resolution: {integrity: sha512-9VXOyPCoyajvLOZMiEGigNovEYI7PaAXB065Mc2iiU/vOmAxb+GpbGpCPjLq1jIy8VNU+4Esh50EmLc0SMfziw==}
    engines: {node: '>=10'}
    hasBin: true

  lefthook-darwin-arm64@2.1.12:
    resolution: {integrity: sha512-GSUjqaCuxAYlPOovbjXEWE3HAIa/xOQkTTmZ937zieQldjPLTaC7+s5FHoxKywn+D9riBlofkDqG7Z4f5zzmPA==}
    cpu: [arm64]
    os: [darwin]

  lefthook-darwin-x64@2.1.12:
    resolution: {integrity: sha512-qAUHSSw/7Afi5wxkoLkxORxSicCeTBXyVLnRgD6YZra6udviozpK3Aok9Z6FIWeKc5FBijRMSNDxGPTREhsjcQ==}
    cpu: [x64]
    os: [darwin]

  lefthook-freebsd-arm64@2.1.12:
    resolution: {integrity: sha512-FHZRfKliFNbyz54zsoGdVe9muq67cNjBTZ6jrPPUjI7xUuyCwSpzA+1OpiwJT00L9pP5ZGONBqnGZKnrpC+7Uw==}
    cpu: [arm64]
    os: [freebsd]

  lefthook-freebsd-x64@2.1.12:
    resolution: {integrity: sha512-HYQZPGy2DDEx7dbuotusJpujY5q9igOLgx36qeeQcNQuvvdGHPj2ZGSIsGKhoJ0dw5Qa4knKJoPAHEZQWdV/og==}
    cpu: [x64]
    os: [freebsd]

  lefthook-linux-arm64@2.1.12:
    resolution: {integrity: sha512-ipjOri2PB/sk4noPrHQuM5fcpNBjmlKo4qMtXyLnxeOxGYHWZzf0Xi0OtrXHQ//tOprcv40ADvhUuSdcGqigLw==}
    cpu: [arm64]
    os: [linux]

  lefthook-linux-x64@2.1.12:
    resolution: {integrity: sha512-DmU6xfvqVoFdW+STyc70YI4Ry8vkHGKHx+IJ1Js/Gacq5dv+fiwNzwle3bi28EkL6P8xY67B/CfQfRj4SRU4tg==}
    cpu: [x64]
    os: [linux]

  lefthook-openbsd-arm64@2.1.12:
    resolution: {integrity: sha512-vb0J7bElLvoaCWQmna3HntsvoNqMsGAhfjjC99ss1OdCteufZKM3RxCVoMBEbD50Itv2c1Ua2AFVToltVFTy1Q==}
    cpu: [arm64]
    os: [openbsd]

  lefthook-openbsd-x64@2.1.12:
    resolution: {integrity: sha512-QOmhDWqPPK4+99scanfEmbJjUR+JYC93qhr/0bp5Dj3LaR3kVFNWc6zOQUsOTPy/LC6PG759Lej/mr/BtjUL2Q==}
    cpu: [x64]
    os: [openbsd]

  lefthook-windows-arm64@2.1.12:
    resolution: {integrity: sha512-eErEyr9AHkRFj6TxpCQeKGd0s6IrtL/VEIZ/ssg8dNfG+ycR4jAW/IAlrJSw6/ZQXb3WtWLaQ6QA5c+TLh7vmg==}
    cpu: [arm64]
    os: [win32]

  lefthook-windows-x64@2.1.12:
    resolution: {integrity: sha512-0h+WmDVdDriTjloD/UbjPq/ZtqaaJlPAdGcVwMCEdAxfbF0FTgDbKX3igui9g2U/qG2y6QpVhtz1jeiRe7ctaw==}
    cpu: [x64]
    os: [win32]

  lefthook@2.1.12:
    resolution: {integrity: sha512-2uOexfsrrRhCiTUWdGyDySxVHHhOFJ8MQejs27dM3hugrQB48/z1ZVlaNoxpZ1SnzQ1GaDIbO5rAvicwyiknYQ==}
    hasBin: true

snapshots:

  '@johnnymorganz/stylua-bin-darwin-arm64@2.5.2':
    optional: true

  '@johnnymorganz/stylua-bin-darwin-x64@2.5.2':
    optional: true

  '@johnnymorganz/stylua-bin-linux-arm64@2.5.2':
    optional: true

  '@johnnymorganz/stylua-bin-linux-x64@2.5.2':
    optional: true

  '@johnnymorganz/stylua-bin-win32-x64@2.5.2':
    optional: true

  '@johnnymorganz/stylua-bin@2.5.2':
    optionalDependencies:
      '@johnnymorganz/stylua-bin-darwin-arm64': 2.5.2
      '@johnnymorganz/stylua-bin-darwin-x64': 2.5.2
      '@johnnymorganz/stylua-bin-linux-arm64': 2.5.2
      '@johnnymorganz/stylua-bin-linux-x64': 2.5.2
      '@johnnymorganz/stylua-bin-win32-x64': 2.5.2

  lefthook-darwin-arm64@2.1.12:
    optional: true

  lefthook-darwin-x64@2.1.12:
    optional: true

  lefthook-freebsd-arm64@2.1.12:
    optional: true

  lefthook-freebsd-x64@2.1.12:
    optional: true

  lefthook-linux-arm64@2.1.12:
    optional: true

  lefthook-linux-x64@2.1.12:
    optional: true

  lefthook-openbsd-arm64@2.1.12:
    optional: true

  lefthook-openbsd-x64@2.1.12:
    optional: true

  lefthook-windows-arm64@2.1.12:
    optional: true

  lefthook-windows-x64@2.1.12:
    optional: true

  lefthook@2.1.12:
    optionalDependencies:
      lefthook-darwin-arm64: 2.1.12
      lefthook-darwin-x64: 2.1.12
      lefthook-freebsd-arm64: 2.1.12
      lefthook-freebsd-x64: 2.1.12
      lefthook-linux-arm64: 2.1.12
      lefthook-linux-x64: 2.1.12
      lefthook-openbsd-arm64: 2.1.12
      lefthook-openbsd-x64: 2.1.12
      lefthook-windows-arm64: 2.1.12
      lefthook-windows-x64: 2.1.12
